
Microsoft Visual Studio Solution File, Format Version 12.00
# Visual Studio Version 17
VisualStudioVersion = 17.2.32519.379
MinimumVisualStudioVersion = 10.0.40219.1
Project("{FAE04EC0-301F-11D3-BF4B-00C04F79EFBC}") = "AppAutenticacao", "AppAutenticacao.csproj", "{F2BD2A2E-1E45-487D-B803-EFEEF1464E76}"
EndProject
Global
	GlobalSection(SolutionConfigurationPlatforms) = preSolution
		Debug|Any CPU = Debug|Any CPU
		Release|Any CPU = Release|Any CPU
	EndGlobalSection
	GlobalSection(ProjectConfigurationPlatforms) = postSolution
		{F2BD2A2E-1E45-487D-B803-EFEEF1464E76}.Debug|Any CPU.ActiveCfg = Debug|Any CPU
		{F2BD2A2E-1E45-487D-B803-EFEEF1464E76}.Debug|Any CPU.Build.0 = Debug|Any CPU
		{F2BD2A2E-1E45-487D-B803-EFEEF1464E76}.Release|Any CPU.ActiveCfg = Release|Any CPU
		{F2BD2A2E-1E45-487D-B803-EFEEF1464E76}.Release|Any CPU.Build.0 = Release|Any CPU
	EndGlobalSection
	GlobalSection(SolutionProperties) = preSolution
		HideSolutionNode = FALSE
	EndGlobalSection
	GlobalSection(ExtensibilityGlobals) = postSolution
		SolutionGuid = {044FF606-6CDB-44EE-AD87-A7FCC4F124E5}
	EndGlobalSection
EndGlobal
